// !$*UTF8*$!
{
	archiveVersion = 1;
	classes = {
	};
	objectVersion = 46;
	objects = {

/* Begin PBXBuildFile section */
		15376F4B1B4D3A0B0042C01F /* Images.xcassets in Resources */ = {isa = PBXBuildFile; fileRef = 15376F4A1B4D3A0B0042C01F /* Images.xcassets */; };
		15376F511B4D4A150042C01F /* Foundation.framework in Frameworks */ = {isa = PBXBuildFile; fileRef = 15376F501B4D4A150042C01F /* Foundation.framework */; };
		15376F531B4D4A1D0042C01F /* UIKit.framework in Frameworks */ = {isa = PBXBuildFile; fileRef = 15376F521B4D4A1D0042C01F /* UIKit.framework */; };
		15E96CDF1B4F75A40073F45B /* ListingsViewController.swift in Sources */ = {isa = PBXBuildFile; fileRef = 15E96CDE1B4F75A40073F45B /* ListingsViewController.swift */; };
		15E96CE31B4FE6050073F45B /* KASlideShow.m in Sources */ = {isa = PBXBuildFile; fileRef = 15E96CE21B4FE6050073F45B /* KASlideShow.m */; };
		15E96CE51B4FE65B0073F45B /* SlideViewController.swift in Sources */ = {isa = PBXBuildFile; fileRef = 15E96CE41B4FE65B0073F45B /* SlideViewController.swift */; };
		15E96CEA1B4FE79F0073F45B /* test_1.jpeg in Resources */ = {isa = PBXBuildFile; fileRef = 15E96CE71B4FE79F0073F45B /* test_1.jpeg */; };
		15E96CEB1B4FE79F0073F45B /* test_2.jpeg in Resources */ = {isa = PBXBuildFile; fileRef = 15E96CE81B4FE79F0073F45B /* test_2.jpeg */; };
		15E96CEC1B4FE79F0073F45B /* test_3.jpeg in Resources */ = {isa = PBXBuildFile; fileRef = 15E96CE91B4FE79F0073F45B /* test_3.jpeg */; };
		15F12FF31B3FEBB1005CFA5D /* AppDelegate.swift in Sources */ = {isa = PBXBuildFile; fileRef = 15F12FF21B3FEBB1005CFA5D /* AppDelegate.swift */; };
		15F12FF61B3FEBB1005CFA5D /* GetEazy.xcdatamodeld in Sources */ = {isa = PBXBuildFile; fileRef = 15F12FF41B3FEBB1005CFA5D /* GetEazy.xcdatamodeld */; };
		15F12FF81B3FEBB1005CFA5D /* ViewController.swift in Sources */ = {isa = PBXBuildFile; fileRef = 15F12FF71B3FEBB1005CFA5D /* ViewController.swift */; };
		15F12FFB1B3FEBB1005CFA5D /* Main.storyboard in Resources */ = {isa = PBXBuildFile; fileRef = 15F12FF91B3FEBB1005CFA5D /* Main.storyboard */; };
		15F130001B3FEBB1005CFA5D /* LaunchScreen.xib in Resources */ = {isa = PBXBuildFile; fileRef = 15F12FFE1B3FEBB1005CFA5D /* LaunchScreen.xib */; };
		15F1300C1B3FEBB1005CFA5D /* GetEazyTests.swift in Sources */ = {isa = PBXBuildFile; fileRef = 15F1300B1B3FEBB1005CFA5D /* GetEazyTests.swift */; };
		15F130161B3FEC0B005CFA5D /* Bolts.framework in Frameworks */ = {isa = PBXBuildFile; fileRef = 15F130151B3FEC0B005CFA5D /* Bolts.framework */; };
		15F130181B3FEC13005CFA5D /* Parse.framework in Frameworks */ = {isa = PBXBuildFile; fileRef = 15F130171B3FEC13005CFA5D /* Parse.framework */; };
		15F1301A1B3FEC3D005CFA5D /* AudioToolbox.framework in Frameworks */ = {isa = PBXBuildFile; fileRef = 15F130191B3FEC3D005CFA5D /* AudioToolbox.framework */; };
		15F1301C1B3FEC47005CFA5D /* CFNetwork.framework in Frameworks */ = {isa = PBXBuildFile; fileRef = 15F1301B1B3FEC47005CFA5D /* CFNetwork.framework */; };
		15F1301E1B3FEC5A005CFA5D /* CoreGraphics.framework in Frameworks */ = {isa = PBXBuildFile; fileRef = 15F1301D1B3FEC5A005CFA5D /* CoreGraphics.framework */; };
		15F130201B3FEC60005CFA5D /* CoreLocation.framework in Frameworks */ = {isa = PBXBuildFile; fileRef = 15F1301F1B3FEC60005CFA5D /* CoreLocation.framework */; };
		15F130221B3FEC6B005CFA5D /* MobileCoreServices.framework in Frameworks */ = {isa = PBXBuildFile; fileRef = 15F130211B3FEC6B005CFA5D /* MobileCoreServices.framework */; };
		15F130241B3FEC71005CFA5D /* QuartzCore.framework in Frameworks */ = {isa = PBXBuildFile; fileRef = 15F130231B3FEC71005CFA5D /* QuartzCore.framework */; };
		15F130261B3FEC7C005CFA5D /* Security.framework in Frameworks */ = {isa = PBXBuildFile; fileRef = 15F130251B3FEC7C005CFA5D /* Security.framework */; };
		15F130281B3FEC82005CFA5D /* StoreKit.framework in Frameworks */ = {isa = PBXBuildFile; fileRef = 15F130271B3FEC82005CFA5D /* StoreKit.framework */; };
		15F1302A1B3FEC8E005CFA5D /* SystemConfiguration.framework in Frameworks */ = {isa = PBXBuildFile; fileRef = 15F130291B3FEC8E005CFA5D /* SystemConfiguration.framework */; };
		15F1302C1B3FEC9C005CFA5D /* libz.dylib in Frameworks */ = {isa = PBXBuildFile; fileRef = 15F1302B1B3FEC9C005CFA5D /* libz.dylib */; };
		15F1302E1B3FECA8005CFA5D /* libsqlite3.dylib in Frameworks */ = {isa = PBXBuildFile; fileRef = 15F1302D1B3FECA8005CFA5D /* libsqlite3.dylib */; };
		15F130301B3FED8A005CFA5D /* Accounts.framework in Frameworks */ = {isa = PBXBuildFile; fileRef = 15F1302F1B3FED8A005CFA5D /* Accounts.framework */; };
		15F130321B3FED91005CFA5D /* Social.framework in Frameworks */ = {isa = PBXBuildFile; fileRef = 15F130311B3FED91005CFA5D /* Social.framework */; };
		15F1304F1B403E74005CFA5D /* ParseFacebookUtilsV4.framework in Frameworks */ = {isa = PBXBuildFile; fileRef = 15F1304E1B403E74005CFA5D /* ParseFacebookUtilsV4.framework */; };
		15F130551B4040AF005CFA5D /* FBSDKCoreKit.framework in Frameworks */ = {isa = PBXBuildFile; fileRef = 15F130541B4040AF005CFA5D /* FBSDKCoreKit.framework */; };
		15F130571B4040B6005CFA5D /* FBSDKLoginKit.framework in Frameworks */ = {isa = PBXBuildFile; fileRef = 15F130561B4040B6005CFA5D /* FBSDKLoginKit.framework */; };
		15F130681B40D617005CFA5D /* ParseUI.framework in Frameworks */ = {isa = PBXBuildFile; fileRef = 15F130671B40D617005CFA5D /* ParseUI.framework */; };
		15F1306A1B40DC42005CFA5D /* MyLogInViewController.swift in Sources */ = {isa = PBXBuildFile; fileRef = 15F130691B40DC42005CFA5D /* MyLogInViewController.swift */; };
		15F1306C1B40E635005CFA5D /* MySignUpViewController.swift in Sources */ = {isa = PBXBuildFile; fileRef = 15F1306B1B40E635005CFA5D /* MySignUpViewController.swift */; };
		15F130801B426BE5005CFA5D /* LocationManager.swift in Sources */ = {isa = PBXBuildFile; fileRef = 15F1307F1B426BE5005CFA5D /* LocationManager.swift */; };
		666EC254818E0DBF4CC37B99 /* Pods.framework in Frameworks */ = {isa = PBXBuildFile; fileRef = B71880253D73E8807085935F /* Pods.framework */; settings = {ATTRIBUTES = (Weak, ); }; };
/* End PBXBuildFile section */

/* Begin PBXContainerItemProxy section */
		15F130061B3FEBB1005CFA5D /* PBXContainerItemProxy */ = {
			isa = PBXContainerItemProxy;
			containerPortal = 15F12FE51B3FEBB1005CFA5D /* Project object */;
			proxyType = 1;
			remoteGlobalIDString = 15F12FEC1B3FEBB1005CFA5D;
			remoteInfo = GetEazy;
		};
/* End PBXContainerItemProxy section */

/* Begin PBXFileReference section */
		15376F4A1B4D3A0B0042C01F /* Images.xcassets */ = {isa = PBXFileReference; lastKnownFileType = folder.assetcatalog; path = Images.xcassets; sourceTree = "<group>"; };
		15376F501B4D4A150042C01F /* Foundation.framework */ = {isa = PBXFileReference; lastKnownFileType = wrapper.framework; name = Foundation.framework; path = System/Library/Frameworks/Foundation.framework; sourceTree = SDKROOT; };
		15376F521B4D4A1D0042C01F /* UIKit.framework */ = {isa = PBXFileReference; lastKnownFileType = wrapper.framework; name = UIKit.framework; path = System/Library/Frameworks/UIKit.framework; sourceTree = SDKROOT; };
		15E96CDE1B4F75A40073F45B /* ListingsViewController.swift */ = {isa = PBXFileReference; fileEncoding = 4; lastKnownFileType = sourcecode.swift; path = ListingsViewController.swift; sourceTree = "<group>"; };
		15E96CE11B4FE5E00073F45B /* KASlideShow.h */ = {isa = PBXFileReference; lastKnownFileType = sourcecode.c.h; path = KASlideShow.h; sourceTree = "<group>"; };
		15E96CE21B4FE6050073F45B /* KASlideShow.m */ = {isa = PBXFileReference; fileEncoding = 4; lastKnownFileType = sourcecode.c.objc; path = KASlideShow.m; sourceTree = "<group>"; };
		15E96CE41B4FE65B0073F45B /* SlideViewController.swift */ = {isa = PBXFileReference; fileEncoding = 4; lastKnownFileType = sourcecode.swift; path = SlideViewController.swift; sourceTree = "<group>"; };
		15E96CE71B4FE79F0073F45B /* test_1.jpeg */ = {isa = PBXFileReference; lastKnownFileType = image.jpeg; path = test_1.jpeg; sourceTree = "<group>"; };
		15E96CE81B4FE79F0073F45B /* test_2.jpeg */ = {isa = PBXFileReference; lastKnownFileType = image.jpeg; path = test_2.jpeg; sourceTree = "<group>"; };
		15E96CE91B4FE79F0073F45B /* test_3.jpeg */ = {isa = PBXFileReference; lastKnownFileType = image.jpeg; path = test_3.jpeg; sourceTree = "<group>"; };
		15F12FED1B3FEBB1005CFA5D /* GetEazy.app */ = {isa = PBXFileReference; explicitFileType = wrapper.application; includeInIndex = 0; path = GetEazy.app; sourceTree = BUILT_PRODUCTS_DIR; };
		15F12FF11B3FEBB1005CFA5D /* Info.plist */ = {isa = PBXFileReference; lastKnownFileType = text.plist.xml; path = Info.plist; sourceTree = "<group>"; };
		15F12FF21B3FEBB1005CFA5D /* AppDelegate.swift */ = {isa = PBXFileReference; lastKnownFileType = sourcecode.swift; path = AppDelegate.swift; sourceTree = "<group>"; };
		15F12FF51B3FEBB1005CFA5D /* GetEazy.xcdatamodel */ = {isa = PBXFileReference; lastKnownFileType = wrapper.xcdatamodel; path = GetEazy.xcdatamodel; sourceTree = "<group>"; };
		15F12FF71B3FEBB1005CFA5D /* ViewController.swift */ = {isa = PBXFileReference; lastKnownFileType = sourcecode.swift; path = ViewController.swift; sourceTree = "<group>"; };
		15F12FFA1B3FEBB1005CFA5D /* Base */ = {isa = PBXFileReference; lastKnownFileType = file.storyboard; name = Base; path = Base.lproj/Main.storyboard; sourceTree = "<group>"; };
		15F12FFF1B3FEBB1005CFA5D /* Base */ = {isa = PBXFileReference; lastKnownFileType = file.xib; name = Base; path = Base.lproj/LaunchScreen.xib; sourceTree = "<group>"; };
		15F130051B3FEBB1005CFA5D /* GetEazyTests.xctest */ = {isa = PBXFileReference; explicitFileType = wrapper.cfbundle; includeInIndex = 0; path = GetEazyTests.xctest; sourceTree = BUILT_PRODUCTS_DIR; };
		15F1300A1B3FEBB1005CFA5D /* Info.plist */ = {isa = PBXFileReference; lastKnownFileType = text.plist.xml; path = Info.plist; sourceTree = "<group>"; };
		15F1300B1B3FEBB1005CFA5D /* GetEazyTests.swift */ = {isa = PBXFileReference; lastKnownFileType = sourcecode.swift; path = GetEazyTests.swift; sourceTree = "<group>"; };
		15F130151B3FEC0B005CFA5D /* Bolts.framework */ = {isa = PBXFileReference; lastKnownFileType = wrapper.framework; path = Bolts.framework; sourceTree = "<group>"; };
		15F130171B3FEC13005CFA5D /* Parse.framework */ = {isa = PBXFileReference; lastKnownFileType = wrapper.framework; path = Parse.framework; sourceTree = "<group>"; };
		15F130191B3FEC3D005CFA5D /* AudioToolbox.framework */ = {isa = PBXFileReference; lastKnownFileType = wrapper.framework; name = AudioToolbox.framework; path = System/Library/Frameworks/AudioToolbox.framework; sourceTree = SDKROOT; };
		15F1301B1B3FEC47005CFA5D /* CFNetwork.framework */ = {isa = PBXFileReference; lastKnownFileType = wrapper.framework; name = CFNetwork.framework; path = System/Library/Frameworks/CFNetwork.framework; sourceTree = SDKROOT; };
		15F1301D1B3FEC5A005CFA5D /* CoreGraphics.framework */ = {isa = PBXFileReference; lastKnownFileType = wrapper.framework; name = CoreGraphics.framework; path = System/Library/Frameworks/CoreGraphics.framework; sourceTree = SDKROOT; };
		15F1301F1B3FEC60005CFA5D /* CoreLocation.framework */ = {isa = PBXFileReference; lastKnownFileType = wrapper.framework; name = CoreLocation.framework; path = System/Library/Frameworks/CoreLocation.framework; sourceTree = SDKROOT; };
		15F130211B3FEC6B005CFA5D /* MobileCoreServices.framework */ = {isa = PBXFileReference; lastKnownFileType = wrapper.framework; name = MobileCoreServices.framework; path = System/Library/Frameworks/MobileCoreServices.framework; sourceTree = SDKROOT; };
		15F130231B3FEC71005CFA5D /* QuartzCore.framework */ = {isa = PBXFileReference; lastKnownFileType = wrapper.framework; name = QuartzCore.framework; path = System/Library/Frameworks/QuartzCore.framework; sourceTree = SDKROOT; };
		15F130251B3FEC7C005CFA5D /* Security.framework */ = {isa = PBXFileReference; lastKnownFileType = wrapper.framework; name = Security.framework; path = System/Library/Frameworks/Security.framework; sourceTree = SDKROOT; };
		15F130271B3FEC82005CFA5D /* StoreKit.framework */ = {isa = PBXFileReference; lastKnownFileType = wrapper.framework; name = StoreKit.framework; path = System/Library/Frameworks/StoreKit.framework; sourceTree = SDKROOT; };
		15F130291B3FEC8E005CFA5D /* SystemConfiguration.framework */ = {isa = PBXFileReference; lastKnownFileType = wrapper.framework; name = SystemConfiguration.framework; path = System/Library/Frameworks/SystemConfiguration.framework; sourceTree = SDKROOT; };
		15F1302B1B3FEC9C005CFA5D /* libz.dylib */ = {isa = PBXFileReference; lastKnownFileType = "compiled.mach-o.dylib"; name = libz.dylib; path = usr/lib/libz.dylib; sourceTree = SDKROOT; };
		15F1302D1B3FECA8005CFA5D /* libsqlite3.dylib */ = {isa = PBXFileReference; lastKnownFileType = "compiled.mach-o.dylib"; name = libsqlite3.dylib; path = usr/lib/libsqlite3.dylib; sourceTree = SDKROOT; };
		15F1302F1B3FED8A005CFA5D /* Accounts.framework */ = {isa = PBXFileReference; lastKnownFileType = wrapper.framework; name = Accounts.framework; path = System/Library/Frameworks/Accounts.framework; sourceTree = SDKROOT; };
		15F130311B3FED91005CFA5D /* Social.framework */ = {isa = PBXFileReference; lastKnownFileType = wrapper.framework; name = Social.framework; path = System/Library/Frameworks/Social.framework; sourceTree = SDKROOT; };
		15F130471B403901005CFA5D /* GetEazy-Bridging-Header.h */ = {isa = PBXFileReference; lastKnownFileType = sourcecode.c.h; path = "GetEazy-Bridging-Header.h"; sourceTree = "<group>"; };
		15F1304E1B403E74005CFA5D /* ParseFacebookUtilsV4.framework */ = {isa = PBXFileReference; lastKnownFileType = wrapper.framework; path = ParseFacebookUtilsV4.framework; sourceTree = "<group>"; };
		15F130541B4040AF005CFA5D /* FBSDKCoreKit.framework */ = {isa = PBXFileReference; lastKnownFileType = wrapper.framework; name = FBSDKCoreKit.framework; path = ../../FacebookSDK/FBSDKCoreKit.framework; sourceTree = "<group>"; };
		15F130561B4040B6005CFA5D /* FBSDKLoginKit.framework */ = {isa = PBXFileReference; lastKnownFileType = wrapper.framework; name = FBSDKLoginKit.framework; path = ../../FacebookSDK/FBSDKLoginKit.framework; sourceTree = "<group>"; };
		15F130671B40D617005CFA5D /* ParseUI.framework */ = {isa = PBXFileReference; lastKnownFileType = wrapper.framework; path = ParseUI.framework; sourceTree = "<group>"; };
		15F130691B40DC42005CFA5D /* MyLogInViewController.swift */ = {isa = PBXFileReference; fileEncoding = 4; lastKnownFileType = sourcecode.swift; path = MyLogInViewController.swift; sourceTree = "<group>"; };
		15F1306B1B40E635005CFA5D /* MySignUpViewController.swift */ = {isa = PBXFileReference; fileEncoding = 4; lastKnownFileType = sourcecode.swift; path = MySignUpViewController.swift; sourceTree = "<group>"; };
		15F1307F1B426BE5005CFA5D /* LocationManager.swift */ = {isa = PBXFileReference; fileEncoding = 4; lastKnownFileType = sourcecode.swift; path = LocationManager.swift; sourceTree = "<group>"; };
		2F491A654AF53C1FA7FA2333 /* Pods.release.xcconfig */ = {isa = PBXFileReference; includeInIndex = 1; lastKnownFileType = text.xcconfig; name = Pods.release.xcconfig; path = "Pods/Target Support Files/Pods/Pods.release.xcconfig"; sourceTree = "<group>"; };
		587FC971A8994DB8271917CB /* Pods.debug.xcconfig */ = {isa = PBXFileReference; includeInIndex = 1; lastKnownFileType = text.xcconfig; name = Pods.debug.xcconfig; path = "Pods/Target Support Files/Pods/Pods.debug.xcconfig"; sourceTree = "<group>"; };
		B71880253D73E8807085935F /* Pods.framework */ = {isa = PBXFileReference; explicitFileType = wrapper.framework; includeInIndex = 0; path = Pods.framework; sourceTree = BUILT_PRODUCTS_DIR; };
/* End PBXFileReference section */

/* Begin PBXFrameworksBuildPhase section */
		15F12FEA1B3FEBB1005CFA5D /* Frameworks */ = {
			isa = PBXFrameworksBuildPhase;
			buildActionMask = 2147483647;
			files = (
				15376F531B4D4A1D0042C01F /* UIKit.framework in Frameworks */,
				15376F511B4D4A150042C01F /* Foundation.framework in Frameworks */,
				15F130321B3FED91005CFA5D /* Social.framework in Frameworks */,
				15F130301B3FED8A005CFA5D /* Accounts.framework in Frameworks */,
				15F1304F1B403E74005CFA5D /* ParseFacebookUtilsV4.framework in Frameworks */,
				15F1302E1B3FECA8005CFA5D /* libsqlite3.dylib in Frameworks */,
				15F1302C1B3FEC9C005CFA5D /* libz.dylib in Frameworks */,
				15F1302A1B3FEC8E005CFA5D /* SystemConfiguration.framework in Frameworks */,
				15F130281B3FEC82005CFA5D /* StoreKit.framework in Frameworks */,
				15F130551B4040AF005CFA5D /* FBSDKCoreKit.framework in Frameworks */,
				15F130261B3FEC7C005CFA5D /* Security.framework in Frameworks */,
				15F130241B3FEC71005CFA5D /* QuartzCore.framework in Frameworks */,
				15F130681B40D617005CFA5D /* ParseUI.framework in Frameworks */,
				15F130221B3FEC6B005CFA5D /* MobileCoreServices.framework in Frameworks */,
				15F130201B3FEC60005CFA5D /* CoreLocation.framework in Frameworks */,
				15F1301E1B3FEC5A005CFA5D /* CoreGraphics.framework in Frameworks */,
				15F130571B4040B6005CFA5D /* FBSDKLoginKit.framework in Frameworks */,
				15F1301C1B3FEC47005CFA5D /* CFNetwork.framework in Frameworks */,
				15F1301A1B3FEC3D005CFA5D /* AudioToolbox.framework in Frameworks */,
				15F130181B3FEC13005CFA5D /* Parse.framework in Frameworks */,
				15F130161B3FEC0B005CFA5D /* Bolts.framework in Frameworks */,
				666EC254818E0DBF4CC37B99 /* Pods.framework in Frameworks */,
			);
			runOnlyForDeploymentPostprocessing = 0;
		};
		15F130021B3FEBB1005CFA5D /* Frameworks */ = {
			isa = PBXFrameworksBuildPhase;
			buildActionMask = 2147483647;
			files = (
			);
			runOnlyForDeploymentPostprocessing = 0;
		};
/* End PBXFrameworksBuildPhase section */

/* Begin PBXGroup section */
		15E96CE01B4FE5B80073F45B /* SlideShow */ = {
			isa = PBXGroup;
			children = (
				15E96CE11B4FE5E00073F45B /* KASlideShow.h */,
				15E96CE21B4FE6050073F45B /* KASlideShow.m */,
			);
			name = SlideShow;
			sourceTree = "<group>";
		};
		15E96CE61B4FE77E0073F45B /* images */ = {
			isa = PBXGroup;
			children = (
				15E96CE71B4FE79F0073F45B /* test_1.jpeg */,
				15E96CE81B4FE79F0073F45B /* test_2.jpeg */,
				15E96CE91B4FE79F0073F45B /* test_3.jpeg */,
			);
			name = images;
			sourceTree = "<group>";
		};
		15F12FE41B3FEBB1005CFA5D = {
			isa = PBXGroup;
			children = (
				15F130561B4040B6005CFA5D /* FBSDKLoginKit.framework */,
				15F130541B4040AF005CFA5D /* FBSDKCoreKit.framework */,
				15F1304E1B403E74005CFA5D /* ParseFacebookUtilsV4.framework */,
				15F130311B3FED91005CFA5D /* Social.framework */,
				15F1302F1B3FED8A005CFA5D /* Accounts.framework */,
				15F1302D1B3FECA8005CFA5D /* libsqlite3.dylib */,
				15F1302B1B3FEC9C005CFA5D /* libz.dylib */,
				15F130671B40D617005CFA5D /* ParseUI.framework */,
				15F130291B3FEC8E005CFA5D /* SystemConfiguration.framework */,
				15F130271B3FEC82005CFA5D /* StoreKit.framework */,
				15F130251B3FEC7C005CFA5D /* Security.framework */,
				15F130231B3FEC71005CFA5D /* QuartzCore.framework */,
				15F130211B3FEC6B005CFA5D /* MobileCoreServices.framework */,
				15F1301F1B3FEC60005CFA5D /* CoreLocation.framework */,
				15F1301D1B3FEC5A005CFA5D /* CoreGraphics.framework */,
				15F1301B1B3FEC47005CFA5D /* CFNetwork.framework */,
				15F130191B3FEC3D005CFA5D /* AudioToolbox.framework */,
				15F130171B3FEC13005CFA5D /* Parse.framework */,
				15F130151B3FEC0B005CFA5D /* Bolts.framework */,
				15F12FEF1B3FEBB1005CFA5D /* GetEazy */,
				15F130081B3FEBB1005CFA5D /* GetEazyTests */,
				15F12FEE1B3FEBB1005CFA5D /* Products */,
				EDB7B81B47ACAB15FE2C5654 /* Pods */,
				841187C212AD2AA189BFAF92 /* Frameworks */,
			);
			sourceTree = "<group>";
		};
		15F12FEE1B3FEBB1005CFA5D /* Products */ = {
			isa = PBXGroup;
			children = (
				15F12FED1B3FEBB1005CFA5D /* GetEazy.app */,
				15F130051B3FEBB1005CFA5D /* GetEazyTests.xctest */,
			);
			name = Products;
			sourceTree = "<group>";
		};
		15F12FEF1B3FEBB1005CFA5D /* GetEazy */ = {
			isa = PBXGroup;
			children = (
				15E96CE61B4FE77E0073F45B /* images */,
				15E96CE01B4FE5B80073F45B /* SlideShow */,
				15F12FF21B3FEBB1005CFA5D /* AppDelegate.swift */,
				15F12FF71B3FEBB1005CFA5D /* ViewController.swift */,
				15F12FF91B3FEBB1005CFA5D /* Main.storyboard */,
				15F12FFE1B3FEBB1005CFA5D /* LaunchScreen.xib */,
				15F12FF41B3FEBB1005CFA5D /* GetEazy.xcdatamodeld */,
				15F12FF01B3FEBB1005CFA5D /* Supporting Files */,
				15F130471B403901005CFA5D /* GetEazy-Bridging-Header.h */,
				15F130691B40DC42005CFA5D /* MyLogInViewController.swift */,
				15F1306B1B40E635005CFA5D /* MySignUpViewController.swift */,
				15F1307F1B426BE5005CFA5D /* LocationManager.swift */,
				15376F4A1B4D3A0B0042C01F /* Images.xcassets */,
				15E96CDE1B4F75A40073F45B /* ListingsViewController.swift */,
				15E96CE41B4FE65B0073F45B /* SlideViewController.swift */,
			);
			path = GetEazy;
			sourceTree = "<group>";
		};
		15F12FF01B3FEBB1005CFA5D /* Supporting Files */ = {
			isa = PBXGroup;
			children = (
				15F12FF11B3FEBB1005CFA5D /* Info.plist */,
			);
			name = "Supporting Files";
			sourceTree = "<group>";
		};
		15F130081B3FEBB1005CFA5D /* GetEazyTests */ = {
			isa = PBXGroup;
			children = (
				15F1300B1B3FEBB1005CFA5D /* GetEazyTests.swift */,
				15F130091B3FEBB1005CFA5D /* Supporting Files */,
			);
			path = GetEazyTests;
			sourceTree = "<group>";
		};
		15F130091B3FEBB1005CFA5D /* Supporting Files */ = {
			isa = PBXGroup;
			children = (
				15F1300A1B3FEBB1005CFA5D /* Info.plist */,
			);
			name = "Supporting Files";
			sourceTree = "<group>";
		};
		841187C212AD2AA189BFAF92 /* Frameworks */ = {
			isa = PBXGroup;
			children = (
				15376F521B4D4A1D0042C01F /* UIKit.framework */,
				15376F501B4D4A150042C01F /* Foundation.framework */,
				B71880253D73E8807085935F /* Pods.framework */,
			);
			name = Frameworks;
			sourceTree = "<group>";
		};
		EDB7B81B47ACAB15FE2C5654 /* Pods */ = {
			isa = PBXGroup;
			children = (
				587FC971A8994DB8271917CB /* Pods.debug.xcconfig */,
				2F491A654AF53C1FA7FA2333 /* Pods.release.xcconfig */,
			);
			name = Pods;
			sourceTree = "<group>";
		};
/* End PBXGroup section */

/* Begin PBXNativeTarget section */
		15F12FEC1B3FEBB1005CFA5D /* GetEazy */ = {
			isa = PBXNativeTarget;
			buildConfigurationList = 15F1300F1B3FEBB1005CFA5D /* Build configuration list for PBXNativeTarget "GetEazy" */;
			buildPhases = (
				299D9895969AD14ABD6E3422 /* Check Pods Manifest.lock */,
				15F12FE91B3FEBB1005CFA5D /* Sources */,
				15F12FEA1B3FEBB1005CFA5D /* Frameworks */,
				15F12FEB1B3FEBB1005CFA5D /* Resources */,
				0AA7F7EABF68AEB5CFF06F26 /* Copy Pods Resources */,
				F75AF5B8DF5DE2861F3056DD /* Embed Pods Frameworks */,
			);
			buildRules = (
			);
			dependencies = (
			);
			name = GetEazy;
			productName = GetEazy;
			productReference = 15F12FED1B3FEBB1005CFA5D /* GetEazy.app */;
			productType = "com.apple.product-type.application";
		};
		15F130041B3FEBB1005CFA5D /* GetEazyTests */ = {
			isa = PBXNativeTarget;
			buildConfigurationList = 15F130121B3FEBB1005CFA5D /* Build configuration list for PBXNativeTarget "GetEazyTests" */;
			buildPhases = (
				15F130011B3FEBB1005CFA5D /* Sources */,
				15F130021B3FEBB1005CFA5D /* Frameworks */,
				15F130031B3FEBB1005CFA5D /* Resources */,
			);
			buildRules = (
			);
			dependencies = (
				15F130071B3FEBB1005CFA5D /* PBXTargetDependency */,
			);
			name = GetEazyTests;
			productName = GetEazyTests;
			productReference = 15F130051B3FEBB1005CFA5D /* GetEazyTests.xctest */;
			productType = "com.apple.product-type.bundle.unit-test";
		};
/* End PBXNativeTarget section */

/* Begin PBXProject section */
		15F12FE51B3FEBB1005CFA5D /* Project object */ = {
			isa = PBXProject;
			attributes = {
				LastUpgradeCheck = 0630;
				ORGANIZATIONNAME = Wrme;
				TargetAttributes = {
					15F12FEC1B3FEBB1005CFA5D = {
						CreatedOnToolsVersion = 6.3.2;
						DevelopmentTeam = B7M5FV2D3R;
					};
					15F130041B3FEBB1005CFA5D = {
						CreatedOnToolsVersion = 6.3.2;
						TestTargetID = 15F12FEC1B3FEBB1005CFA5D;
					};
				};
			};
			buildConfigurationList = 15F12FE81B3FEBB1005CFA5D /* Build configuration list for PBXProject "GetEazy" */;
			compatibilityVersion = "Xcode 3.2";
			developmentRegion = English;
			hasScannedForEncodings = 0;
			knownRegions = (
				en,
				Base,
			);
			mainGroup = 15F12FE41B3FEBB1005CFA5D;
			productRefGroup = 15F12FEE1B3FEBB1005CFA5D /* Products */;
			projectDirPath = "";
			projectRoot = "";
			targets = (
				15F12FEC1B3FEBB1005CFA5D /* GetEazy */,
				15F130041B3FEBB1005CFA5D /* GetEazyTests */,
			);
		};
/* End PBXProject section */

/* Begin PBXResourcesBuildPhase section */
		15F12FEB1B3FEBB1005CFA5D /* Resources */ = {
			isa = PBXResourcesBuildPhase;
			buildActionMask = 2147483647;
			files = (
				15376F4B1B4D3A0B0042C01F /* Images.xcassets in Resources */,
				15F12FFB1B3FEBB1005CFA5D /* Main.storyboard in Resources */,
				15F130001B3FEBB1005CFA5D /* LaunchScreen.xib in Resources */,
				15E96CEB1B4FE79F0073F45B /* test_2.jpeg in Resources */,
				15E96CEA1B4FE79F0073F45B /* test_1.jpeg in Resources */,
				15E96CEC1B4FE79F0073F45B /* test_3.jpeg in Resources */,
			);
			runOnlyForDeploymentPostprocessing = 0;
		};
		15F130031B3FEBB1005CFA5D /* Resources */ = {
			isa = PBXResourcesBuildPhase;
			buildActionMask = 2147483647;
			files = (
			);
			runOnlyForDeploymentPostprocessing = 0;
		};
/* End PBXResourcesBuildPhase section */

/* Begin PBXShellScriptBuildPhase section */
		0AA7F7EABF68AEB5CFF06F26 /* Copy Pods Resources */ = {
			isa = PBXShellScriptBuildPhase;
			buildActionMask = 2147483647;
			files = (
			);
			inputPaths = (
			);
			name = "Copy Pods Resources";
			outputPaths = (
			);
			runOnlyForDeploymentPostprocessing = 0;
			shellPath = /bin/sh;
			shellScript = "\"${SRCROOT}/Pods/Target Support Files/Pods/Pods-resources.sh\"\n";
			showEnvVarsInLog = 0;
		};
		299D9895969AD14ABD6E3422 /* Check Pods Manifest.lock */ = {
			isa = PBXShellScriptBuildPhase;
			buildActionMask = 2147483647;
			files = (
			);
			inputPaths = (
			);
			name = "Check Pods Manifest.lock";
			outputPaths = (
			);
			runOnlyForDeploymentPostprocessing = 0;
			shellPath = /bin/sh;
			shellScript = "diff \"${PODS_ROOT}/../Podfile.lock\" \"${PODS_ROOT}/Manifest.lock\" > /dev/null\nif [[ $? != 0 ]] ; then\n    cat << EOM\nerror: The sandbox is not in sync with the Podfile.lock. Run 'pod install' or update your CocoaPods installation.\nEOM\n    exit 1\nfi\n";
			showEnvVarsInLog = 0;
		};
		F75AF5B8DF5DE2861F3056DD /* Embed Pods Frameworks */ = {
			isa = PBXShellScriptBuildPhase;
			buildActionMask = 2147483647;
			files = (
			);
			inputPaths = (
			);
			name = "Embed Pods Frameworks";
			outputPaths = (
			);
			runOnlyForDeploymentPostprocessing = 0;
			shellPath = /bin/sh;
			shellScript = "\"${SRCROOT}/Pods/Target Support Files/Pods/Pods-frameworks.sh\"\n";
			showEnvVarsInLog = 0;
		};
/* End PBXShellScriptBuildPhase section */

/* Begin PBXSourcesBuildPhase section */
		15F12FE91B3FEBB1005CFA5D /* Sources */ = {
			isa = PBXSourcesBuildPhase;
			buildActionMask = 2147483647;
			files = (
				15F1306A1B40DC42005CFA5D /* MyLogInViewController.swift in Sources */,
				15F1306C1B40E635005CFA5D /* MySignUpViewController.swift in Sources */,
				15F130801B426BE5005CFA5D /* LocationManager.swift in Sources */,
				15F12FF81B3FEBB1005CFA5D /* ViewController.swift in Sources */,
				15E96CE31B4FE6050073F45B /* KASlideShow.m in Sources */,
				15E96CE51B4FE65B0073F45B /* SlideViewController.swift in Sources */,
				15F12FF31B3FEBB1005CFA5D /* AppDelegate.swift in Sources */,
				15F12FF61B3FEBB1005CFA5D /* GetEazy.xcdatamodeld in Sources */,
				15E96CDF1B4F75A40073F45B /* ListingsViewController.swift in Sources */,
			);
			runOnlyForDeploymentPostprocessing = 0;
		};
		15F130011B3FEBB1005CFA5D /* Sources */ = {
			isa = PBXSourcesBuildPhase;
			buildActionMask = 2147483647;
			files = (
				15F1300C1B3FEBB1005CFA5D /* GetEazyTests.swift in Sources */,
			);
			runOnlyForDeploymentPostprocessing = 0;
		};
/* End PBXSourcesBuildPhase section */

/* Begin PBXTargetDependency section */
		15F130071B3FEBB1005CFA5D /* PBXTargetDependency */ = {
			isa = PBXTargetDependency;
			target = 15F12FEC1B3FEBB1005CFA5D /* GetEazy */;
			targetProxy = 15F130061B3FEBB1005CFA5D /* PBXContainerItemProxy */;
		};
/* End PBXTargetDependency section */

/* Begin PBXVariantGroup section */
		15F12FF91B3FEBB1005CFA5D /* Main.storyboard */ = {
			isa = PBXVariantGroup;
			children = (
				15F12FFA1B3FEBB1005CFA5D /* Base */,
			);
			name = Main.storyboard;
			sourceTree = "<group>";
		};
		15F12FFE1B3FEBB1005CFA5D /* LaunchScreen.xib */ = {
			isa = PBXVariantGroup;
			children = (
				15F12FFF1B3FEBB1005CFA5D /* Base */,
			);
			name = LaunchScreen.xib;
			sourceTree = "<group>";
		};
/* End PBXVariantGroup section */

/* Begin XCBuildConfiguration section */
		15F1300D1B3FEBB1005CFA5D /* Debug */ = {
			isa = XCBuildConfiguration;
			buildSettings = {
				ALWAYS_SEARCH_USER_PATHS = NO;
				CLANG_CXX_LANGUAGE_STANDARD = "gnu++0x";
				CLANG_CXX_LIBRARY = "libc++";
				CLANG_ENABLE_MODULES = YES;
				CLANG_ENABLE_OBJC_ARC = YES;
				CLANG_WARN_BOOL_CONVERSION = YES;
				CLANG_WARN_CONSTANT_CONVERSION = YES;
				CLANG_WARN_DIRECT_OBJC_ISA_USAGE = YES_ERROR;
				CLANG_WARN_EMPTY_BODY = YES;
				CLANG_WARN_ENUM_CONVERSION = YES;
				CLANG_WARN_INT_CONVERSION = YES;
				CLANG_WARN_OBJC_ROOT_CLASS = YES_ERROR;
				CLANG_WARN_UNREACHABLE_CODE = YES;
				CLANG_WARN__DUPLICATE_METHOD_MATCH = YES;
				"CODE_SIGN_IDENTITY[sdk=iphoneos*]" = "iPhone Developer";
				COPY_PHASE_STRIP = NO;
				DEBUG_INFORMATION_FORMAT = "dwarf-with-dsym";
				ENABLE_STRICT_OBJC_MSGSEND = YES;
				GCC_C_LANGUAGE_STANDARD = gnu99;
				GCC_DYNAMIC_NO_PIC = NO;
				GCC_NO_COMMON_BLOCKS = YES;
				GCC_OPTIMIZATION_LEVEL = 0;
				GCC_PREPROCESSOR_DEFINITIONS = (
					"DEBUG=1",
					"$(inherited)",
				);
				GCC_SYMBOLS_PRIVATE_EXTERN = NO;
				GCC_WARN_64_TO_32_BIT_CONVERSION = YES;
				GCC_WARN_ABOUT_RETURN_TYPE = YES_ERROR;
				GCC_WARN_UNDECLARED_SELECTOR = YES;
				GCC_WARN_UNINITIALIZED_AUTOS = YES_AGGRESSIVE;
				GCC_WARN_UNUSED_FUNCTION = YES;
				GCC_WARN_UNUSED_VARIABLE = YES;
				IPHONEOS_DEPLOYMENT_TARGET = 8.3;
				MTL_ENABLE_DEBUG_INFO = YES;
				ONLY_ACTIVE_ARCH = YES;
				SDKROOT = iphoneos;
				SWIFT_OPTIMIZATION_LEVEL = "-Onone";
			};
			name = Debug;
		};
		15F1300E1B3FEBB1005CFA5D /* Release */ = {
			isa = XCBuildConfiguration;
			buildSettings = {
				ALWAYS_SEARCH_USER_PATHS = NO;
				CLANG_CXX_LANGUAGE_STANDARD = "gnu++0x";
				CLANG_CXX_LIBRARY = "libc++";
				CLANG_ENABLE_MODULES = YES;
				CLANG_ENABLE_OBJC_ARC = YES;
				CLANG_WARN_BOOL_CONVERSION = YES;
				CLANG_WARN_CONSTANT_CONVERSION = YES;
				CLANG_WARN_DIRECT_OBJC_ISA_USAGE = YES_ERROR;
				CLANG_WARN_EMPTY_BODY = YES;
				CLANG_WARN_ENUM_CONVERSION = YES;
				CLANG_WARN_INT_CONVERSION = YES;
				CLANG_WARN_OBJC_ROOT_CLASS = YES_ERROR;
				CLANG_WARN_UNREACHABLE_CODE = YES;
				CLANG_WARN__DUPLICATE_METHOD_MATCH = YES;
				"CODE_SIGN_IDENTITY[sdk=iphoneos*]" = "iPhone Developer";
				COPY_PHASE_STRIP = NO;
				DEBUG_INFORMATION_FORMAT = "dwarf-with-dsym";
				ENABLE_NS_ASSERTIONS = NO;
				ENABLE_STRICT_OBJC_MSGSEND = YES;
				GCC_C_LANGUAGE_STANDARD = gnu99;
				GCC_NO_COMMON_BLOCKS = YES;
				GCC_WARN_64_TO_32_BIT_CONVERSION = YES;
				GCC_WARN_ABOUT_RETURN_TYPE = YES_ERROR;
				GCC_WARN_UNDECLARED_SELECTOR = YES;
				GCC_WARN_UNINITIALIZED_AUTOS = YES_AGGRESSIVE;
				GCC_WARN_UNUSED_FUNCTION = YES;
				GCC_WARN_UNUSED_VARIABLE = YES;
				IPHONEOS_DEPLOYMENT_TARGET = 8.3;
				MTL_ENABLE_DEBUG_INFO = NO;
				SDKROOT = iphoneos;
				VALIDATE_PRODUCT = YES;
			};
			name = Release;
		};
		15F130101B3FEBB1005CFA5D /* Debug */ = {
			isa = XCBuildConfiguration;
			baseConfigurationReference = 587FC971A8994DB8271917CB /* Pods.debug.xcconfig */;
			buildSettings = {
				ASSETCATALOG_COMPILER_APPICON_NAME = AppIcon;
				CLANG_ENABLE_MODULES = YES;
				CODE_SIGN_IDENTITY = "iPhone Developer";
				FRAMEWORK_SEARCH_PATHS = (
					"$(inherited)",
					"$(PROJECT_DIR)",
					"/Users/idrisjafer/Documents/parse-library-1.7.5",
					/Users/idrisjafer/Documents/FacebookSDK,
				);
				INFOPLIST_FILE = GetEazy/Info.plist;
				IPHONEOS_DEPLOYMENT_TARGET = 8.4;
				LD_RUNPATH_SEARCH_PATHS = "$(inherited) @executable_path/Frameworks";
				PRODUCT_NAME = "$(TARGET_NAME)";
				SWIFT_OBJC_BRIDGING_HEADER = "GetEazy/GetEazy-Bridging-Header.h";
				SWIFT_OPTIMIZATION_LEVEL = "-Onone";
			};
			name = Debug;
		};
		15F130111B3FEBB1005CFA5D /* Release */ = {
			isa = XCBuildConfiguration;
			baseConfigurationReference = 2F491A654AF53C1FA7FA2333 /* Pods.release.xcconfig */;
			buildSettings = {
				ASSETCATALOG_COMPILER_APPICON_NAME = AppIcon;
				CLANG_ENABLE_MODULES = YES;
				CODE_SIGN_IDENTITY = "iPhone Developer";
				FRAMEWORK_SEARCH_PATHS = (
					"$(inherited)",
					"$(PROJECT_DIR)",
					"/Users/idrisjafer/Documents/parse-library-1.7.5",
					/Users/idrisjafer/Documents/FacebookSDK,
				);
				INFOPLIST_FILE = GetEazy/Info.plist;
				IPHONEOS_DEPLOYMENT_TARGET = 8.4;
				LD_RUNPATH_SEARCH_PATHS = "$(inherited) @executable_path/Frameworks";
				PRODUCT_NAME = "$(TARGET_NAME)";
				SWIFT_OBJC_BRIDGING_HEADER = "GetEazy/GetEazy-Bridging-Header.h";
			};
			name = Release;
		};
		15F130131B3FEBB1005CFA5D /* Debug */ = {
			isa = XCBuildConfiguration;
			buildSettings = {
				BUNDLE_LOADER = "$(TEST_HOST)";
				FRAMEWORK_SEARCH_PATHS = (
					"$(SDKROOT)/Developer/Library/Frameworks",
					"$(inherited)",
				);
				GCC_PREPROCESSOR_DEFINITIONS = (
					"DEBUG=1",
					"$(inherited)",
				);
				INFOPLIST_FILE = GetEazyTests/Info.plist;
				LD_RUNPATH_SEARCH_PATHS = "$(inherited) @executable_path/Frameworks @loader_path/Frameworks";
				PRODUCT_NAME = "$(TARGET_NAME)";
				TEST_HOST = "$(BUILT_PRODUCTS_DIR)/GetEazy.app/GetEazy";
			};
			name = Debug;
		};
		15F130141B3FEBB1005CFA5D /* Release */ = {
			isa = XCBuildConfiguration;
			buildSettings = {
				BUNDLE_LOADER = "$(TEST_HOST)";
				FRAMEWORK_SEARCH_PATHS = (
					"$(SDKROOT)/Developer/Library/Frameworks",
					"$(inherited)",
				);
				INFOPLIST_FILE = GetEazyTests/Info.plist;
				LD_RUNPATH_SEARCH_PATHS = "$(inherited) @executable_path/Frameworks @loader_path/Frameworks";
				PRODUCT_NAME = "$(TARGET_NAME)";
				TEST_HOST = "$(BUILT_PRODUCTS_DIR)/GetEazy.app/GetEazy";
			};
			name = Release;
		};
/* End XCBuildConfiguration section */

/* Begin XCConfigurationList section */
		15F12FE81B3FEBB1005CFA5D /* Build configuration list for PBXProject "GetEazy" */ = {
			isa = XCConfigurationList;
			buildConfigurations = (
				15F1300D1B3FEBB1005CFA5D /* Debug */,
				15F1300E1B3FEBB1005CFA5D /* Release */,
			);
			defaultConfigurationIsVisible = 0;
			defaultConfigurationName = Release;
		};
		15F1300F1B3FEBB1005CFA5D /* Build configuration list for PBXNativeTarget "GetEazy" */ = {
			isa = XCConfigurationList;
			buildConfigurations = (
				15F130101B3FEBB1005CFA5D /* Debug */,
				15F130111B3FEBB1005CFA5D /* Release */,
			);
			defaultConfigurationIsVisible = 0;
			defaultConfigurationName = Release;
		};
		15F130121B3FEBB1005CFA5D /* Build configuration list for PBXNativeTarget "GetEazyTests" */ = {
			isa = XCConfigurationList;
			buildConfigurations = (
				15F130131B3FEBB1005CFA5D /* Debug */,
				15F130141B3FEBB1005CFA5D /* Release */,
			);
			defaultConfigurationIsVisible = 0;
			defaultConfigurationName = Release;
		};
/* End XCConfigurationList section */

/* Begin XCVersionGroup section */
		15F12FF41B3FEBB1005CFA5D /* GetEazy.xcdatamodeld */ = {
			isa = XCVersionGroup;
			children = (
				15F12FF51B3FEBB1005CFA5D /* GetEazy.xcdatamodel */,
			);
			currentVersion = 15F12FF51B3FEBB1005CFA5D /* GetEazy.xcdatamodel */;
			path = GetEazy.xcdatamodeld;
			sourceTree = "<group>";
			versionGroupType = wrapper.xcdatamodel;
		};
/* End XCVersionGroup section */
	};
	rootObject = 15F12FE51B3FEBB1005CFA5D /* Project object */;
}
